
Microsoft Visual Studio Solution File, Format Version 12.00
# Visual Studio Version 16
VisualStudioVersion = 16.0.31321.278
MinimumVisualStudioVersion = 10.0.40219.1
Project("{D2ABAB84-BF74-430A-B69E-9DC6D40DDA17}") = "FirstCube", "FirstCube\FirstCube.dwproj", "{66C33C9D-10DB-4A51-8FA9-910CAB06404C}"
EndProject
Global
	GlobalSection(SolutionConfigurationPlatforms) = preSolution
		Development|Default = Development|Default
	EndGlobalSection
	GlobalSection(ProjectConfigurationPlatforms) = postSolution
		{66C33C9D-10DB-4A51-8FA9-910CAB06404C}.Development|Default.ActiveCfg = Development
		{66C33C9D-10DB-4A51-8FA9-910CAB06404C}.Development|Default.Build.0 = Development
		{66C33C9D-10DB-4A51-8FA9-910CAB06404C}.Development|Default.Deploy.0 = Development
	EndGlobalSection
	GlobalSection(SolutionProperties) = preSolution
		HideSolutionNode = FALSE
	EndGlobalSection
	GlobalSection(ExtensibilityGlobals) = postSolution
		SolutionGuid = {94A8BCCF-1EC8-4D46-822E-5ABAC000045D}
	EndGlobalSection
EndGlobal
